
Microsoft Visual Studio Solution File, Format Version 12.00
# Visual Studio Version 17
VisualStudioVersion = 17.14.36429.23
MinimumVisualStudioVersion = 10.0.40219.1
Project("{FAE04EC0-301F-11D3-BF4B-00C04F79EFBC}") = "LuxuryResort", "LuxuryResort\LuxuryResort.csproj", "{5F55ABE1-AE45-495A-968C-2E592FACA76C}"
EndProject
Global
	GlobalSection(SolutionConfigurationPlatforms) = preSolution
		Debug|Any CPU = Debug|Any CPU
		Release|Any CPU = Release|Any CPU
	EndGlobalSection
	GlobalSection(ProjectConfigurationPlatforms) = postSolution
		{5F55ABE1-AE45-495A-968C-2E592FACA76C}.Debug|Any CPU.ActiveCfg = Debug|Any CPU
		{5F55ABE1-AE45-495A-968C-2E592FACA76C}.Debug|Any CPU.Build.0 = Debug|Any CPU
		{5F55ABE1-AE45-495A-968C-2E592FACA76C}.Release|Any CPU.ActiveCfg = Release|Any CPU
		{5F55ABE1-AE45-495A-968C-2E592FACA76C}.Release|Any CPU.Build.0 = Release|Any CPU
	EndGlobalSection
	GlobalSection(SolutionProperties) = preSolution
		HideSolutionNode = FALSE
	EndGlobalSection
	GlobalSection(ExtensibilityGlobals) = postSolution
		SolutionGuid = {6881A130-66F8-4ED5-A86B-686AA631A71E}
	EndGlobalSection
EndGlobal
